{
    "_meta": {
        "hash": {
            "sha256": "5ebc468e3cd751425886a7901f47bcc9d974faf8833db7a531147837d81b7d4c"
        },
        "pipfile-spec": 6,
        "requires": {
            "python_version": "3.9"
        },
        "sources": [
            {
                "name": "pypi",
                "url": "https://pypi.org/simple",
                "verify_ssl": true
            }
        ]
    },
    "default": {},
    "develop": {
        "python-skeleton-library": {
            "editable": true,
            "path": "."
        }
    }
}
